// !$*UTF8*$!
{
	archiveVersion = 1;
	classes = {
	};
	objectVersion = 50;
	objects = {

/* Begin PBXBuildFile section */
		D138641522EF5B8D00E9B3EB /* CreateGoalVC.swift in Sources */ = {isa = PBXBuildFile; fileRef = D138641422EF5B8D00E9B3EB /* CreateGoalVC.swift */; };
		D138641722EF5BB200E9B3EB /* FinishGoalVC.swift in Sources */ = {isa = PBXBuildFile; fileRef = D138641622EF5BB200E9B3EB /* FinishGoalVC.swift */; };
		D138641922EF5BE700E9B3EB /* GoalCell.swift in Sources */ = {isa = PBXBuildFile; fileRef = D138641822EF5BE700E9B3EB /* GoalCell.swift */; };
		D138641B22EF5C5A00E9B3EB /* KeyboardBoundView.swift in Sources */ = {isa = PBXBuildFile; fileRef = D138641A22EF5C5A00E9B3EB /* KeyboardBoundView.swift */; };
		D138641D22EF5C9A00E9B3EB /* GoalType.swift in Sources */ = {isa = PBXBuildFile; fileRef = D138641C22EF5C9A00E9B3EB /* GoalType.swift */; };
		D138642022EF624700E9B3EB /* Constants.swift in Sources */ = {isa = PBXBuildFile; fileRef = D138641F22EF624700E9B3EB /* Constants.swift */; };
		D138642222EF706F00E9B3EB /* UIViewControllerExtension.swift in Sources */ = {isa = PBXBuildFile; fileRef = D138642122EF706F00E9B3EB /* UIViewControllerExtension.swift */; };
		D138642422EF72C300E9B3EB /* UIButtonExtension.swift in Sources */ = {isa = PBXBuildFile; fileRef = D138642322EF72C300E9B3EB /* UIButtonExtension.swift */; };
		D1871B7422EEBDDB004BFBF3 /* AppDelegate.swift in Sources */ = {isa = PBXBuildFile; fileRef = D1871B7322EEBDDB004BFBF3 /* AppDelegate.swift */; };
		D1871B7622EEBDDB004BFBF3 /* GoalVC.swift in Sources */ = {isa = PBXBuildFile; fileRef = D1871B7522EEBDDB004BFBF3 /* GoalVC.swift */; };
		D1871B7922EEBDDB004BFBF3 /* Main.storyboard in Resources */ = {isa = PBXBuildFile; fileRef = D1871B7722EEBDDB004BFBF3 /* Main.storyboard */; };
		D1871B7C22EEBDDB004BFBF3 /* GoalPost.xcdatamodeld in Sources */ = {isa = PBXBuildFile; fileRef = D1871B7A22EEBDDB004BFBF3 /* GoalPost.xcdatamodeld */; };
		D1871B7E22EEBDDD004BFBF3 /* Assets.xcassets in Resources */ = {isa = PBXBuildFile; fileRef = D1871B7D22EEBDDD004BFBF3 /* Assets.xcassets */; };
		D1871B8122EEBDDD004BFBF3 /* LaunchScreen.storyboard in Resources */ = {isa = PBXBuildFile; fileRef = D1871B7F22EEBDDD004BFBF3 /* LaunchScreen.storyboard */; };
/* End PBXBuildFile section */

/* Begin PBXFileReference section */
		D138641422EF5B8D00E9B3EB /* CreateGoalVC.swift */ = {isa = PBXFileReference; lastKnownFileType = sourcecode.swift; path = CreateGoalVC.swift; sourceTree = "<group>"; };
		D138641622EF5BB200E9B3EB /* FinishGoalVC.swift */ = {isa = PBXFileReference; lastKnownFileType = sourcecode.swift; path = FinishGoalVC.swift; sourceTree = "<group>"; };
		D138641822EF5BE700E9B3EB /* GoalCell.swift */ = {isa = PBXFileReference; lastKnownFileType = sourcecode.swift; path = GoalCell.swift; sourceTree = "<group>"; };
		D138641A22EF5C5A00E9B3EB /* KeyboardBoundView.swift */ = {isa = PBXFileReference; fileEncoding = 4; lastKnownFileType = sourcecode.swift; path = KeyboardBoundView.swift; sourceTree = "<group>"; };
		D138641C22EF5C9A00E9B3EB /* GoalType.swift */ = {isa = PBXFileReference; lastKnownFileType = sourcecode.swift; path = GoalType.swift; sourceTree = "<group>"; };
		D138641F22EF624700E9B3EB /* Constants.swift */ = {isa = PBXFileReference; lastKnownFileType = sourcecode.swift; path = Constants.swift; sourceTree = "<group>"; };
		D138642122EF706F00E9B3EB /* UIViewControllerExtension.swift */ = {isa = PBXFileReference; lastKnownFileType = sourcecode.swift; path = UIViewControllerExtension.swift; sourceTree = "<group>"; };
		D138642322EF72C300E9B3EB /* UIButtonExtension.swift */ = {isa = PBXFileReference; lastKnownFileType = sourcecode.swift; path = UIButtonExtension.swift; sourceTree = "<group>"; };
		D1871B7022EEBDDB004BFBF3 /* GoalPost.app */ = {isa = PBXFileReference; explicitFileType = wrapper.application; includeInIndex = 0; path = GoalPost.app; sourceTree = BUILT_PRODUCTS_DIR; };
		D1871B7322EEBDDB004BFBF3 /* AppDelegate.swift */ = {isa = PBXFileReference; lastKnownFileType = sourcecode.swift; path = AppDelegate.swift; sourceTree = "<group>"; };
		D1871B7522EEBDDB004BFBF3 /* GoalVC.swift */ = {isa = PBXFileReference; lastKnownFileType = sourcecode.swift; path = GoalVC.swift; sourceTree = "<group>"; };
		D1871B7822EEBDDB004BFBF3 /* Base */ = {isa = PBXFileReference; lastKnownFileType = file.storyboard; name = Base; path = Base.lproj/Main.storyboard; sourceTree = "<group>"; };
		D1871B7B22EEBDDB004BFBF3 /* GoalPost.xcdatamodel */ = {isa = PBXFileReference; lastKnownFileType = wrapper.xcdatamodel; path = GoalPost.xcdatamodel; sourceTree = "<group>"; };
		D1871B7D22EEBDDD004BFBF3 /* Assets.xcassets */ = {isa = PBXFileReference; lastKnownFileType = folder.assetcatalog; path = Assets.xcassets; sourceTree = "<group>"; };
		D1871B8022EEBDDD004BFBF3 /* Base */ = {isa = PBXFileReference; lastKnownFileType = file.storyboard; name = Base; path = Base.lproj/LaunchScreen.storyboard; sourceTree = "<group>"; };
		D1871B8222EEBDDD004BFBF3 /* Info.plist */ = {isa = PBXFileReference; lastKnownFileType = text.plist.xml; path = Info.plist; sourceTree = "<group>"; };
/* End PBXFileReference section */

/* Begin PBXFrameworksBuildPhase section */
		D1871B6D22EEBDDB004BFBF3 /* Frameworks */ = {
			isa = PBXFrameworksBuildPhase;
			buildActionMask = 2147483647;
			files = (
			);
			runOnlyForDeploymentPostprocessing = 0;
		};
/* End PBXFrameworksBuildPhase section */

/* Begin PBXGroup section */
		D138640F22EF5AD300E9B3EB /* Controller */ = {
			isa = PBXGroup;
			children = (
				D1871B7522EEBDDB004BFBF3 /* GoalVC.swift */,
				D138641422EF5B8D00E9B3EB /* CreateGoalVC.swift */,
				D138641622EF5BB200E9B3EB /* FinishGoalVC.swift */,
			);
			path = Controller;
			sourceTree = "<group>";
		};
		D138641022EF5AE500E9B3EB /* View */ = {
			isa = PBXGroup;
			children = (
				D138641822EF5BE700E9B3EB /* GoalCell.swift */,
			);
			path = View;
			sourceTree = "<group>";
		};
		D138641122EF5AEC00E9B3EB /* Extensions */ = {
			isa = PBXGroup;
			children = (
				D138642122EF706F00E9B3EB /* UIViewControllerExtension.swift */,
				D138641A22EF5C5A00E9B3EB /* KeyboardBoundView.swift */,
				D138642322EF72C300E9B3EB /* UIButtonExtension.swift */,
			);
			path = Extensions;
			sourceTree = "<group>";
		};
		D138641222EF5AF700E9B3EB /* Enums */ = {
			isa = PBXGroup;
			children = (
				D138641C22EF5C9A00E9B3EB /* GoalType.swift */,
			);
			path = Enums;
			sourceTree = "<group>";
		};
		D138641E22EF621800E9B3EB /* Utilities */ = {
			isa = PBXGroup;
			children = (
				D138641F22EF624700E9B3EB /* Constants.swift */,
			);
			path = Utilities;
			sourceTree = "<group>";
		};
		D1871B6722EEBDDB004BFBF3 = {
			isa = PBXGroup;
			children = (
				D1871B7222EEBDDB004BFBF3 /* GoalPost */,
				D1871B7122EEBDDB004BFBF3 /* Products */,
			);
			sourceTree = "<group>";
		};
		D1871B7122EEBDDB004BFBF3 /* Products */ = {
			isa = PBXGroup;
			children = (
				D1871B7022EEBDDB004BFBF3 /* GoalPost.app */,
			);
			name = Products;
			sourceTree = "<group>";
		};
		D1871B7222EEBDDB004BFBF3 /* GoalPost */ = {
			isa = PBXGroup;
			children = (
				D138641E22EF621800E9B3EB /* Utilities */,
				D138641222EF5AF700E9B3EB /* Enums */,
				D138641122EF5AEC00E9B3EB /* Extensions */,
				D138641022EF5AE500E9B3EB /* View */,
				D138640F22EF5AD300E9B3EB /* Controller */,
				D1871B7322EEBDDB004BFBF3 /* AppDelegate.swift */,
				D1871B7722EEBDDB004BFBF3 /* Main.storyboard */,
				D1871B7D22EEBDDD004BFBF3 /* Assets.xcassets */,
				D1871B7F22EEBDDD004BFBF3 /* LaunchScreen.storyboard */,
				D1871B8222EEBDDD004BFBF3 /* Info.plist */,
				D1871B7A22EEBDDB004BFBF3 /* GoalPost.xcdatamodeld */,
			);
			path = GoalPost;
			sourceTree = "<group>";
		};
/* End PBXGroup section */

/* Begin PBXNativeTarget section */
		D1871B6F22EEBDDB004BFBF3 /* GoalPost */ = {
			isa = PBXNativeTarget;
			buildConfigurationList = D1871B8522EEBDDD004BFBF3 /* Build configuration list for PBXNativeTarget "GoalPost" */;
			buildPhases = (
				D1871B6C22EEBDDB004BFBF3 /* Sources */,
				D1871B6D22EEBDDB004BFBF3 /* Frameworks */,
				D1871B6E22EEBDDB004BFBF3 /* Resources */,
			);
			buildRules = (
			);
			dependencies = (
			);
			name = GoalPost;
			productName = GoalPost;
			productReference = D1871B7022EEBDDB004BFBF3 /* GoalPost.app */;
			productType = "com.apple.product-type.application";
		};
/* End PBXNativeTarget section */

/* Begin PBXProject section */
		D1871B6822EEBDDB004BFBF3 /* Project object */ = {
			isa = PBXProject;
			attributes = {
				LastSwiftUpdateCheck = 1020;
				LastUpgradeCheck = 1020;
				ORGANIZATIONNAME = "Mohamed Kotb";
				TargetAttributes = {
					D1871B6F22EEBDDB004BFBF3 = {
						CreatedOnToolsVersion = 10.2.1;
					};
				};
			};
			buildConfigurationList = D1871B6B22EEBDDB004BFBF3 /* Build configuration list for PBXProject "GoalPost" */;
			compatibilityVersion = "Xcode 9.3";
			developmentRegion = en;
			hasScannedForEncodings = 0;
			knownRegions = (
				en,
				Base,
			);
			mainGroup = D1871B6722EEBDDB004BFBF3;
			productRefGroup = D1871B7122EEBDDB004BFBF3 /* Products */;
			projectDirPath = "";
			projectRoot = "";
			targets = (
				D1871B6F22EEBDDB004BFBF3 /* GoalPost */,
			);
		};
/* End PBXProject section */

/* Begin PBXResourcesBuildPhase section */
		D1871B6E22EEBDDB004BFBF3 /* Resources */ = {
			isa = PBXResourcesBuildPhase;
			buildActionMask = 2147483647;
			files = (
				D1871B8122EEBDDD004BFBF3 /* LaunchScreen.storyboard in Resources */,
				D1871B7E22EEBDDD004BFBF3 /* Assets.xcassets in Resources */,
				D1871B7922EEBDDB004BFBF3 /* Main.storyboard in Resources */,
			);
			runOnlyForDeploymentPostprocessing = 0;
		};
/* End PBXResourcesBuildPhase section */

/* Begin PBXSourcesBuildPhase section */
		D1871B6C22EEBDDB004BFBF3 /* Sources */ = {
			isa = PBXSourcesBuildPhase;
			buildActionMask = 2147483647;
			files = (
				D1871B7622EEBDDB004BFBF3 /* GoalVC.swift in Sources */,
				D138642422EF72C300E9B3EB /* UIButtonExtension.swift in Sources */,
				D138641522EF5B8D00E9B3EB /* CreateGoalVC.swift in Sources */,
				D138642222EF706F00E9B3EB /* UIViewControllerExtension.swift in Sources */,
				D138641922EF5BE700E9B3EB /* GoalCell.swift in Sources */,
				D138641B22EF5C5A00E9B3EB /* KeyboardBoundView.swift in Sources */,
				D1871B7422EEBDDB004BFBF3 /* AppDelegate.swift in Sources */,
				D138641722EF5BB200E9B3EB /* FinishGoalVC.swift in Sources */,
				D138641D22EF5C9A00E9B3EB /* GoalType.swift in Sources */,
				D1871B7C22EEBDDB004BFBF3 /* GoalPost.xcdatamodeld in Sources */,
				D138642022EF624700E9B3EB /* Constants.swift in Sources */,
			);
			runOnlyForDeploymentPostprocessing = 0;
		};
/* End PBXSourcesBuildPhase section */

/* Begin PBXVariantGroup section */
		D1871B7722EEBDDB004BFBF3 /* Main.storyboard */ = {
			isa = PBXVariantGroup;
			children = (
				D1871B7822EEBDDB004BFBF3 /* Base */,
			);
			name = Main.storyboard;
			sourceTree = "<group>";
		};
		D1871B7F22EEBDDD004BFBF3 /* LaunchScreen.storyboard */ = {
			isa = PBXVariantGroup;
			children = (
				D1871B8022EEBDDD004BFBF3 /* Base */,
			);
			name = LaunchScreen.storyboard;
			sourceTree = "<group>";
		};
/* End PBXVariantGroup section */

/* Begin XCBuildConfiguration section */
		D1871B8322EEBDDD004BFBF3 /* Debug */ = {
			isa = XCBuildConfiguration;
			buildSettings = {
				ALWAYS_SEARCH_USER_PATHS = NO;
				CLANG_ANALYZER_NONNULL = YES;
				CLANG_ANALYZER_NUMBER_OBJECT_CONVERSION = YES_AGGRESSIVE;
				CLANG_CXX_LANGUAGE_STANDARD = "gnu++14";
				CLANG_CXX_LIBRARY = "libc++";
				CLANG_ENABLE_MODULES = YES;
				CLANG_ENABLE_OBJC_ARC = YES;
				CLANG_ENABLE_OBJC_WEAK = YES;
				CLANG_WARN_BLOCK_CAPTURE_AUTORELEASING = YES;
				CLANG_WARN_BOOL_CONVERSION = YES;
				CLANG_WARN_COMMA = YES;
				CLANG_WARN_CONSTANT_CONVERSION = YES;
				CLANG_WARN_DEPRECATED_OBJC_IMPLEMENTATIONS = YES;
				CLANG_WARN_DIRECT_OBJC_ISA_USAGE = YES_ERROR;
				CLANG_WARN_DOCUMENTATION_COMMENTS = YES;
				CLANG_WARN_EMPTY_BODY = YES;
				CLANG_WARN_ENUM_CONVERSION = YES;
				CLANG_WARN_INFINITE_RECURSION = YES;
				CLANG_WARN_INT_CONVERSION = YES;
				CLANG_WARN_NON_LITERAL_NULL_CONVERSION = YES;
				CLANG_WARN_OBJC_IMPLICIT_RETAIN_SELF = YES;
				CLANG_WARN_OBJC_LITERAL_CONVERSION = YES;
				CLANG_WARN_OBJC_ROOT_CLASS = YES_ERROR;
				CLANG_WARN_RANGE_LOOP_ANALYSIS = YES;
				CLANG_WARN_STRICT_PROTOTYPES = YES;
				CLANG_WARN_SUSPICIOUS_MOVE = YES;
				CLANG_WARN_UNGUARDED_AVAILABILITY = YES_AGGRESSIVE;
				CLANG_WARN_UNREACHABLE_CODE = YES;
				CLANG_WARN__DUPLICATE_METHOD_MATCH = YES;
				CODE_SIGN_IDENTITY = "iPhone Developer";
				COPY_PHASE_STRIP = NO;
				DEBUG_INFORMATION_FORMAT = dwarf;
				ENABLE_STRICT_OBJC_MSGSEND = YES;
				ENABLE_TESTABILITY = YES;
				GCC_C_LANGUAGE_STANDARD = gnu11;
				GCC_DYNAMIC_NO_PIC = NO;
				GCC_NO_COMMON_BLOCKS = YES;
				GCC_OPTIMIZATION_LEVEL = 0;
				GCC_PREPROCESSOR_DEFINITIONS = (
					"DEBUG=1",
					"$(inherited)",
				);
				GCC_WARN_64_TO_32_BIT_CONVERSION = YES;
				GCC_WARN_ABOUT_RETURN_TYPE = YES_ERROR;
				GCC_WARN_UNDECLARED_SELECTOR = YES;
				GCC_WARN_UNINITIALIZED_AUTOS = YES_AGGRESSIVE;
				GCC_WARN_UNUSED_FUNCTION = YES;
				GCC_WARN_UNUSED_VARIABLE = YES;
				IPHONEOS_DEPLOYMENT_TARGET = 12.2;
				MTL_ENABLE_DEBUG_INFO = INCLUDE_SOURCE;
				MTL_FAST_MATH = YES;
				ONLY_ACTIVE_ARCH = YES;
				SDKROOT = iphoneos;
				SWIFT_ACTIVE_COMPILATION_CONDITIONS = DEBUG;
				SWIFT_OPTIMIZATION_LEVEL = "-Onone";
			};
			name = Debug;
		};
		D1871B8422EEBDDD004BFBF3 /* Release */ = {
			isa = XCBuildConfiguration;
			buildSettings = {
				ALWAYS_SEARCH_USER_PATHS = NO;
				CLANG_ANALYZER_NONNULL = YES;
				CLANG_ANALYZER_NUMBER_OBJECT_CONVERSION = YES_AGGRESSIVE;
				CLANG_CXX_LANGUAGE_STANDARD = "gnu++14";
				CLANG_CXX_LIBRARY = "libc++";
				CLANG_ENABLE_MODULES = YES;
				CLANG_ENABLE_OBJC_ARC = YES;
				CLANG_ENABLE_OBJC_WEAK = YES;
				CLANG_WARN_BLOCK_CAPTURE_AUTORELEASING = YES;
				CLANG_WARN_BOOL_CONVERSION = YES;
				CLANG_WARN_COMMA = YES;
				CLANG_WARN_CONSTANT_CONVERSION = YES;
				CLANG_WARN_DEPRECATED_OBJC_IMPLEMENTATIONS = YES;
				CLANG_WARN_DIRECT_OBJC_ISA_USAGE = YES_ERROR;
				CLANG_WARN_DOCUMENTATION_COMMENTS = YES;
				CLANG_WARN_EMPTY_BODY = YES;
				CLANG_WARN_ENUM_CONVERSION = YES;
				CLANG_WARN_INFINITE_RECURSION = YES;
				CLANG_WARN_INT_CONVERSION = YES;
				CLANG_WARN_NON_LITERAL_NULL_CONVERSION = YES;
				CLANG_WARN_OBJC_IMPLICIT_RETAIN_SELF = YES;
				CLANG_WARN_OBJC_LITERAL_CONVERSION = YES;
				CLANG_WARN_OBJC_ROOT_CLASS = YES_ERROR;
				CLANG_WARN_RANGE_LOOP_ANALYSIS = YES;
				CLANG_WARN_STRICT_PROTOTYPES = YES;
				CLANG_WARN_SUSPICIOUS_MOVE = YES;
				CLANG_WARN_UNGUARDED_AVAILABILITY = YES_AGGRESSIVE;
				CLANG_WARN_UNREACHABLE_CODE = YES;
				CLANG_WARN__DUPLICATE_METHOD_MATCH = YES;
				CODE_SIGN_IDENTITY = "iPhone Developer";
				COPY_PHASE_STRIP = NO;
				DEBUG_INFORMATION_FORMAT = "dwarf-with-dsym";
				ENABLE_NS_ASSERTIONS = NO;
				ENABLE_STRICT_OBJC_MSGSEND = YES;
				GCC_C_LANGUAGE_STANDARD = gnu11;
				GCC_NO_COMMON_BLOCKS = YES;
				GCC_WARN_64_TO_32_BIT_CONVERSION = YES;
				GCC_WARN_ABOUT_RETURN_TYPE = YES_ERROR;
				GCC_WARN_UNDECLARED_SELECTOR = YES;
				GCC_WARN_UNINITIALIZED_AUTOS = YES_AGGRESSIVE;
				GCC_WARN_UNUSED_FUNCTION = YES;
				GCC_WARN_UNUSED_VARIABLE = YES;
				IPHONEOS_DEPLOYMENT_TARGET = 12.2;
				MTL_ENABLE_DEBUG_INFO = NO;
				MTL_FAST_MATH = YES;
				SDKROOT = iphoneos;
				SWIFT_COMPILATION_MODE = wholemodule;
				SWIFT_OPTIMIZATION_LEVEL = "-O";
				VALIDATE_PRODUCT = YES;
			};
			name = Release;
		};
		D1871B8622EEBDDD004BFBF3 /* Debug */ = {
			isa = XCBuildConfiguration;
			buildSettings = {
				ASSETCATALOG_COMPILER_APPICON_NAME = AppIcon;
				CODE_SIGN_STYLE = Automatic;
				DEVELOPMENT_TEAM = KC7AXFA778;
				INFOPLIST_FILE = GoalPost/Info.plist;
				LD_RUNPATH_SEARCH_PATHS = (
					"$(inherited)",
					"@executable_path/Frameworks",
				);
				PRODUCT_BUNDLE_IDENTIFIER = com.Kotb.GoalPost;
				PRODUCT_NAME = "$(TARGET_NAME)";
				SWIFT_VERSION = 5.0;
				TARGETED_DEVICE_FAMILY = "1,2";
			};
			name = Debug;
		};
		D1871B8722EEBDDD004BFBF3 /* Release */ = {
			isa = XCBuildConfiguration;
			buildSettings = {
				ASSETCATALOG_COMPILER_APPICON_NAME = AppIcon;
				CODE_SIGN_STYLE = Automatic;
				DEVELOPMENT_TEAM = KC7AXFA778;
				INFOPLIST_FILE = GoalPost/Info.plist;
				LD_RUNPATH_SEARCH_PATHS = (
					"$(inherited)",
					"@executable_path/Frameworks",
				);
				PRODUCT_BUNDLE_IDENTIFIER = com.Kotb.GoalPost;
				PRODUCT_NAME = "$(TARGET_NAME)";
				SWIFT_VERSION = 5.0;
				TARGETED_DEVICE_FAMILY = "1,2";
			};
			name = Release;
		};
/* End XCBuildConfiguration section */

/* Begin XCConfigurationList section */
		D1871B6B22EEBDDB004BFBF3 /* Build configuration list for PBXProject "GoalPost" */ = {
			isa = XCConfigurationList;
			buildConfigurations = (
				D1871B8322EEBDDD004BFBF3 /* Debug */,
				D1871B8422EEBDDD004BFBF3 /* Release */,
			);
			defaultConfigurationIsVisible = 0;
			defaultConfigurationName = Release;
		};
		D1871B8522EEBDDD004BFBF3 /* Build configuration list for PBXNativeTarget "GoalPost" */ = {
			isa = XCConfigurationList;
			buildConfigurations = (
				D1871B8622EEBDDD004BFBF3 /* Debug */,
				D1871B8722EEBDDD004BFBF3 /* Release */,
			);
			defaultConfigurationIsVisible = 0;
			defaultConfigurationName = Release;
		};
/* End XCConfigurationList section */

/* Begin XCVersionGroup section */
		D1871B7A22EEBDDB004BFBF3 /* GoalPost.xcdatamodeld */ = {
			isa = XCVersionGroup;
			children = (
				D1871B7B22EEBDDB004BFBF3 /* GoalPost.xcdatamodel */,
			);
			currentVersion = D1871B7B22EEBDDB004BFBF3 /* GoalPost.xcdatamodel */;
			path = GoalPost.xcdatamodeld;
			sourceTree = "<group>";
			versionGroupType = wrapper.xcdatamodel;
		};
/* End XCVersionGroup section */
	};
	rootObject = D1871B6822EEBDDB004BFBF3 /* Project object */;
}
